// !$*UTF8*$!
{
	archiveVersion = 1;
	classes = {
	};
	objectVersion = 50;
	objects = {

/* Begin PBXBuildFile section */
		6B65583223DB5B9000512D9F /* main.c in Sources */ = {isa = PBXBuildFile; fileRef = 6B65583123DB5B9000512D9F /* main.c */; };
		6B65584223DB5BC000512D9F /* part2.c in Sources */ = {isa = PBXBuildFile; fileRef = 6B65583B23DB5BC000512D9F /* part2.c */; };
		6B65584323DB5BC000512D9F /* hash.c in Sources */ = {isa = PBXBuildFile; fileRef = 6B65583C23DB5BC000512D9F /* hash.c */; };
		6B65584423DB5BC000512D9F /* readfile.c in Sources */ = {isa = PBXBuildFile; fileRef = 6B65583E23DB5BC000512D9F /* readfile.c */; };
		6B65584523DB5BC000512D9F /* linkedlist.c in Sources */ = {isa = PBXBuildFile; fileRef = 6B65583F23DB5BC000512D9F /* linkedlist.c */; };
		6B65584623DB5BC000512D9F /* intersection.c in Sources */ = {isa = PBXBuildFile; fileRef = 6B65584123DB5BC000512D9F /* intersection.c */; };
/* End PBXBuildFile section */

/* Begin PBXCopyFilesBuildPhase section */
		6B65582C23DB5B9000512D9F /* CopyFiles */ = {
			isa = PBXCopyFilesBuildPhase;
			buildActionMask = 2147483647;
			dstPath = /usr/share/man/man1/;
			dstSubfolderSpec = 0;
			files = (
			);
			runOnlyForDeploymentPostprocessing = 1;
		};
/* End PBXCopyFilesBuildPhase section */

/* Begin PBXFileReference section */
		6B65582E23DB5B9000512D9F /* Day6-part2 */ = {isa = PBXFileReference; explicitFileType = "compiled.mach-o.executable"; includeInIndex = 0; path = "Day6-part2"; sourceTree = BUILT_PRODUCTS_DIR; };
		6B65583123DB5B9000512D9F /* main.c */ = {isa = PBXFileReference; lastKnownFileType = sourcecode.c.c; path = main.c; sourceTree = "<group>"; };
		6B65583823DB5BBF00512D9F /* intersection.h */ = {isa = PBXFileReference; fileEncoding = 4; lastKnownFileType = sourcecode.c.h; name = intersection.h; path = ../../intersection.h; sourceTree = "<group>"; };
		6B65583923DB5BBF00512D9F /* hash.h */ = {isa = PBXFileReference; fileEncoding = 4; lastKnownFileType = sourcecode.c.h; name = hash.h; path = ../../hash.h; sourceTree = "<group>"; };
		6B65583A23DB5BBF00512D9F /* linkedlist.h */ = {isa = PBXFileReference; fileEncoding = 4; lastKnownFileType = sourcecode.c.h; name = linkedlist.h; path = ../../linkedlist.h; sourceTree = "<group>"; };
		6B65583B23DB5BC000512D9F /* part2.c */ = {isa = PBXFileReference; fileEncoding = 4; lastKnownFileType = sourcecode.c.c; name = part2.c; path = ../../part2.c; sourceTree = "<group>"; };
		6B65583C23DB5BC000512D9F /* hash.c */ = {isa = PBXFileReference; fileEncoding = 4; lastKnownFileType = sourcecode.c.c; name = hash.c; path = ../../hash.c; sourceTree = "<group>"; };
		6B65583D23DB5BC000512D9F /* part2.h */ = {isa = PBXFileReference; fileEncoding = 4; lastKnownFileType = sourcecode.c.h; name = part2.h; path = ../../part2.h; sourceTree = "<group>"; };
		6B65583E23DB5BC000512D9F /* readfile.c */ = {isa = PBXFileReference; fileEncoding = 4; lastKnownFileType = sourcecode.c.c; name = readfile.c; path = ../../readfile.c; sourceTree = "<group>"; };
		6B65583F23DB5BC000512D9F /* linkedlist.c */ = {isa = PBXFileReference; fileEncoding = 4; lastKnownFileType = sourcecode.c.c; name = linkedlist.c; path = ../../linkedlist.c; sourceTree = "<group>"; };
		6B65584023DB5BC000512D9F /* readfile.h */ = {isa = PBXFileReference; fileEncoding = 4; lastKnownFileType = sourcecode.c.h; name = readfile.h; path = ../../readfile.h; sourceTree = "<group>"; };
		6B65584123DB5BC000512D9F /* intersection.c */ = {isa = PBXFileReference; fileEncoding = 4; lastKnownFileType = sourcecode.c.c; name = intersection.c; path = ../../intersection.c; sourceTree = "<group>"; };
/* End PBXFileReference section */

/* Begin PBXFrameworksBuildPhase section */
		6B65582B23DB5B9000512D9F /* Frameworks */ = {
			isa = PBXFrameworksBuildPhase;
			buildActionMask = 2147483647;
			files = (
			);
			runOnlyForDeploymentPostprocessing = 0;
		};
/* End PBXFrameworksBuildPhase section */

/* Begin PBXGroup section */
		6B65582523DB5B9000512D9F = {
			isa = PBXGroup;
			children = (
				6B65583023DB5B9000512D9F /* Day6-part2 */,
				6B65582F23DB5B9000512D9F /* Products */,
			);
			sourceTree = "<group>";
		};
		6B65582F23DB5B9000512D9F /* Products */ = {
			isa = PBXGroup;
			children = (
				6B65582E23DB5B9000512D9F /* Day6-part2 */,
			);
			name = Products;
			sourceTree = "<group>";
		};
		6B65583023DB5B9000512D9F /* Day6-part2 */ = {
			isa = PBXGroup;
			children = (
				6B65583123DB5B9000512D9F /* main.c */,
				6B65583C23DB5BC000512D9F /* hash.c */,
				6B65583923DB5BBF00512D9F /* hash.h */,
				6B65584123DB5BC000512D9F /* intersection.c */,
				6B65583823DB5BBF00512D9F /* intersection.h */,
				6B65583F23DB5BC000512D9F /* linkedlist.c */,
				6B65583A23DB5BBF00512D9F /* linkedlist.h */,
				6B65583B23DB5BC000512D9F /* part2.c */,
				6B65583D23DB5BC000512D9F /* part2.h */,
				6B65583E23DB5BC000512D9F /* readfile.c */,
				6B65584023DB5BC000512D9F /* readfile.h */,
			);
			path = "Day6-part2";
			sourceTree = "<group>";
		};
/* End PBXGroup section */

/* Begin PBXNativeTarget section */
		6B65582D23DB5B9000512D9F /* Day6-part2 */ = {
			isa = PBXNativeTarget;
			buildConfigurationList = 6B65583523DB5B9000512D9F /* Build configuration list for PBXNativeTarget "Day6-part2" */;
			buildPhases = (
				6B65582A23DB5B9000512D9F /* Sources */,
				6B65582B23DB5B9000512D9F /* Frameworks */,
				6B65582C23DB5B9000512D9F /* CopyFiles */,
			);
			buildRules = (
			);
			dependencies = (
			);
			name = "Day6-part2";
			productName = "Day6-part2";
			productReference = 6B65582E23DB5B9000512D9F /* Day6-part2 */;
			productType = "com.apple.product-type.tool";
		};
/* End PBXNativeTarget section */

/* Begin PBXProject section */
		6B65582623DB5B9000512D9F /* Project object */ = {
			isa = PBXProject;
			attributes = {
				LastUpgradeCheck = 1130;
				ORGANIZATIONNAME = "Herman, Michael";
				TargetAttributes = {
					6B65582D23DB5B9000512D9F = {
						CreatedOnToolsVersion = 11.3.1;
					};
				};
			};
			buildConfigurationList = 6B65582923DB5B9000512D9F /* Build configuration list for PBXProject "Day6-part2" */;
			compatibilityVersion = "Xcode 9.3";
			developmentRegion = en;
			hasScannedForEncodings = 0;
			knownRegions = (
				en,
				Base,
			);
			mainGroup = 6B65582523DB5B9000512D9F;
			productRefGroup = 6B65582F23DB5B9000512D9F /* Products */;
			projectDirPath = "";
			projectRoot = "";
			targets = (
				6B65582D23DB5B9000512D9F /* Day6-part2 */,
			);
		};
/* End PBXProject section */

/* Begin PBXSourcesBuildPhase section */
		6B65582A23DB5B9000512D9F /* Sources */ = {
			isa = PBXSourcesBuildPhase;
			buildActionMask = 2147483647;
			files = (
				6B65584623DB5BC000512D9F /* intersection.c in Sources */,
				6B65583223DB5B9000512D9F /* main.c in Sources */,
				6B65584323DB5BC000512D9F /* hash.c in Sources */,
				6B65584223DB5BC000512D9F /* part2.c in Sources */,
				6B65584423DB5BC000512D9F /* readfile.c in Sources */,
				6B65584523DB5BC000512D9F /* linkedlist.c in Sources */,
			);
			runOnlyForDeploymentPostprocessing = 0;
		};
/* End PBXSourcesBuildPhase section */

/* Begin XCBuildConfiguration section */
		6B65583323DB5B9000512D9F /* Debug */ = {
			isa = XCBuildConfiguration;
			buildSettings = {
				ALWAYS_SEARCH_USER_PATHS = NO;
				CLANG_ANALYZER_NONNULL = YES;
				CLANG_ANALYZER_NUMBER_OBJECT_CONVERSION = YES_AGGRESSIVE;
				CLANG_CXX_LANGUAGE_STANDARD = "gnu++14";
				CLANG_CXX_LIBRARY = "libc++";
				CLANG_ENABLE_MODULES = YES;
				CLANG_ENABLE_OBJC_ARC = YES;
				CLANG_ENABLE_OBJC_WEAK = YES;
				CLANG_WARN_BLOCK_CAPTURE_AUTORELEASING = YES;
				CLANG_WARN_BOOL_CONVERSION = YES;
				CLANG_WARN_COMMA = YES;
				CLANG_WARN_CONSTANT_CONVERSION = YES;
				CLANG_WARN_DEPRECATED_OBJC_IMPLEMENTATIONS = YES;
				CLANG_WARN_DIRECT_OBJC_ISA_USAGE = YES_ERROR;
				CLANG_WARN_DOCUMENTATION_COMMENTS = YES;
				CLANG_WARN_EMPTY_BODY = YES;
				CLANG_WARN_ENUM_CONVERSION = YES;
				CLANG_WARN_INFINITE_RECURSION = YES;
				CLANG_WARN_INT_CONVERSION = YES;
				CLANG_WARN_NON_LITERAL_NULL_CONVERSION = YES;
				CLANG_WARN_OBJC_IMPLICIT_RETAIN_SELF = YES;
				CLANG_WARN_OBJC_LITERAL_CONVERSION = YES;
				CLANG_WARN_OBJC_ROOT_CLASS = YES_ERROR;
				CLANG_WARN_RANGE_LOOP_ANALYSIS = YES;
				CLANG_WARN_STRICT_PROTOTYPES = YES;
				CLANG_WARN_SUSPICIOUS_MOVE = YES;
				CLANG_WARN_UNGUARDED_AVAILABILITY = YES_AGGRESSIVE;
				CLANG_WARN_UNREACHABLE_CODE = YES;
				CLANG_WARN__DUPLICATE_METHOD_MATCH = YES;
				COPY_PHASE_STRIP = NO;
				DEBUG_INFORMATION_FORMAT = dwarf;
				ENABLE_STRICT_OBJC_MSGSEND = YES;
				ENABLE_TESTABILITY = YES;
				GCC_C_LANGUAGE_STANDARD = gnu11;
				GCC_DYNAMIC_NO_PIC = NO;
				GCC_NO_COMMON_BLOCKS = YES;
				GCC_OPTIMIZATION_LEVEL = 0;
				GCC_PREPROCESSOR_DEFINITIONS = (
					"DEBUG=1",
					"$(inherited)",
				);
				GCC_WARN_64_TO_32_BIT_CONVERSION = YES;
				GCC_WARN_ABOUT_RETURN_TYPE = YES_ERROR;
				GCC_WARN_UNDECLARED_SELECTOR = YES;
				GCC_WARN_UNINITIALIZED_AUTOS = YES_AGGRESSIVE;
				GCC_WARN_UNUSED_FUNCTION = YES;
				GCC_WARN_UNUSED_VARIABLE = YES;
				MACOSX_DEPLOYMENT_TARGET = 10.15;
				MTL_ENABLE_DEBUG_INFO = INCLUDE_SOURCE;
				MTL_FAST_MATH = YES;
				ONLY_ACTIVE_ARCH = YES;
				SDKROOT = macosx;
			};
			name = Debug;
		};
		6B65583423DB5B9000512D9F /* Release */ = {
			isa = XCBuildConfiguration;
			buildSettings = {
				ALWAYS_SEARCH_USER_PATHS = NO;
				CLANG_ANALYZER_NONNULL = YES;
				CLANG_ANALYZER_NUMBER_OBJECT_CONVERSION = YES_AGGRESSIVE;
				CLANG_CXX_LANGUAGE_STANDARD = "gnu++14";
				CLANG_CXX_LIBRARY = "libc++";
				CLANG_ENABLE_MODULES = YES;
				CLANG_ENABLE_OBJC_ARC = YES;
				CLANG_ENABLE_OBJC_WEAK = YES;
				CLANG_WARN_BLOCK_CAPTURE_AUTORELEASING = YES;
				CLANG_WARN_BOOL_CONVERSION = YES;
				CLANG_WARN_COMMA = YES;
				CLANG_WARN_CONSTANT_CONVERSION = YES;
				CLANG_WARN_DEPRECATED_OBJC_IMPLEMENTATIONS = YES;
				CLANG_WARN_DIRECT_OBJC_ISA_USAGE = YES_ERROR;
				CLANG_WARN_DOCUMENTATION_COMMENTS = YES;
				CLANG_WARN_EMPTY_BODY = YES;
				CLANG_WARN_ENUM_CONVERSION = YES;
				CLANG_WARN_INFINITE_RECURSION = YES;
				CLANG_WARN_INT_CONVERSION = YES;
				CLANG_WARN_NON_LITERAL_NULL_CONVERSION = YES;
				CLANG_WARN_OBJC_IMPLICIT_RETAIN_SELF = YES;
				CLANG_WARN_OBJC_LITERAL_CONVERSION = YES;
				CLANG_WARN_OBJC_ROOT_CLASS = YES_ERROR;
				CLANG_WARN_RANGE_LOOP_ANALYSIS = YES;
				CLANG_WARN_STRICT_PROTOTYPES = YES;
				CLANG_WARN_SUSPICIOUS_MOVE = YES;
				CLANG_WARN_UNGUARDED_AVAILABILITY = YES_AGGRESSIVE;
				CLANG_WARN_UNREACHABLE_CODE = YES;
				CLANG_WARN__DUPLICATE_METHOD_MATCH = YES;
				COPY_PHASE_STRIP = NO;
				DEBUG_INFORMATION_FORMAT = "dwarf-with-dsym";
				ENABLE_NS_ASSERTIONS = NO;
				ENABLE_STRICT_OBJC_MSGSEND = YES;
				GCC_C_LANGUAGE_STANDARD = gnu11;
				GCC_NO_COMMON_BLOCKS = YES;
				GCC_WARN_64_TO_32_BIT_CONVERSION = YES;
				GCC_WARN_ABOUT_RETURN_TYPE = YES_ERROR;
				GCC_WARN_UNDECLARED_SELECTOR = YES;
				GCC_WARN_UNINITIALIZED_AUTOS = YES_AGGRESSIVE;
				GCC_WARN_UNUSED_FUNCTION = YES;
				GCC_WARN_UNUSED_VARIABLE = YES;
				MACOSX_DEPLOYMENT_TARGET = 10.15;
				MTL_ENABLE_DEBUG_INFO = NO;
				MTL_FAST_MATH = YES;
				SDKROOT = macosx;
			};
			name = Release;
		};
		6B65583623DB5B9000512D9F /* Debug */ = {
			isa = XCBuildConfiguration;
			buildSettings = {
				CODE_SIGN_STYLE = Automatic;
				PRODUCT_NAME = "$(TARGET_NAME)";
			};
			name = Debug;
		};
		6B65583723DB5B9000512D9F /* Release */ = {
			isa = XCBuildConfiguration;
			buildSettings = {
				CODE_SIGN_STYLE = Automatic;
				PRODUCT_NAME = "$(TARGET_NAME)";
			};
			name = Release;
		};
/* End XCBuildConfiguration section */

/* Begin XCConfigurationList section */
		6B65582923DB5B9000512D9F /* Build configuration list for PBXProject "Day6-part2" */ = {
			isa = XCConfigurationList;
			buildConfigurations = (
				6B65583323DB5B9000512D9F /* Debug */,
				6B65583423DB5B9000512D9F /* Release */,
			);
			defaultConfigurationIsVisible = 0;
			defaultConfigurationName = Release;
		};
		6B65583523DB5B9000512D9F /* Build configuration list for PBXNativeTarget "Day6-part2" */ = {
			isa = XCConfigurationList;
			buildConfigurations = (
				6B65583623DB5B9000512D9F /* Debug */,
				6B65583723DB5B9000512D9F /* Release */,
			);
			defaultConfigurationIsVisible = 0;
			defaultConfigurationName = Release;
		};
/* End XCConfigurationList section */
	};
	rootObject = 6B65582623DB5B9000512D9F /* Project object */;
}
